
Microsoft Visual Studio Solution File, Format Version 12.00
# Visual Studio 15
VisualStudioVersion = 15.0.26730.12
MinimumVisualStudioVersion = 10.0.40219.1
Project("{2150E333-8FDC-42A3-9474-1A3956D46DE8}") = "src", "src", "{8FD49D0D-5209-47E3-B789-813185BF3C0D}"
EndProject
Project("{2150E333-8FDC-42A3-9474-1A3956D46DE8}") = "Solution Items", "Solution Items", "{AE7CF848-6FE1-49A8-A076-8370DA5A70F6}"
	ProjectSection(SolutionItems) = preProject
		readme.md = readme.md
	EndProjectSection
EndProject
Project("{9A19103F-16F7-4668-BE54-9A1E7A4F7556}") = "sendgrid-template-transfer", "src\sendgrid-template-transfer\sendgrid-template-transfer.csproj", "{9D408A74-9171-4ADA-8CE9-E9F6727919AC}"
EndProject
Global
	GlobalSection(SolutionConfigurationPlatforms) = preSolution
		Debug|Any CPU = Debug|Any CPU
		Release|Any CPU = Release|Any CPU
	EndGlobalSection
	GlobalSection(ProjectConfigurationPlatforms) = postSolution
		{9D408A74-9171-4ADA-8CE9-E9F6727919AC}.Debug|Any CPU.ActiveCfg = Debug|Any CPU
		{9D408A74-9171-4ADA-8CE9-E9F6727919AC}.Debug|Any CPU.Build.0 = Debug|Any CPU
		{9D408A74-9171-4ADA-8CE9-E9F6727919AC}.Release|Any CPU.ActiveCfg = Release|Any CPU
		{9D408A74-9171-4ADA-8CE9-E9F6727919AC}.Release|Any CPU.Build.0 = Release|Any CPU
	EndGlobalSection
	GlobalSection(SolutionProperties) = preSolution
		HideSolutionNode = FALSE
	EndGlobalSection
	GlobalSection(NestedProjects) = preSolution
		{9D408A74-9171-4ADA-8CE9-E9F6727919AC} = {8FD49D0D-5209-47E3-B789-813185BF3C0D}
	EndGlobalSection
	GlobalSection(ExtensibilityGlobals) = postSolution
		SolutionGuid = {60AA11CE-7DAD-4771-B1F7-3EA555DCDE80}
	EndGlobalSection
EndGlobal
